
Microsoft Visual Studio Solution File, Format Version 12.00
# Visual Studio 14
VisualStudioVersion = 14.0.24720.0
MinimumVisualStudioVersion = 10.0.40219.1
Project("{FAE04EC0-301F-11D3-BF4B-00C04F79EFBC}") = "Misadventure", "Misadventure\Misadventure.csproj", "{6FBAF7B1-5F52-4EE0-9D27-80005CC03BD7}"
EndProject
Project("{FAE04EC0-301F-11D3-BF4B-00C04F79EFBC}") = "Engine", "Engine\Engine.csproj", "{DE864935-C339-4EF5-989B-57B94C05C84F}"
EndProject
Global
	GlobalSection(SolutionConfigurationPlatforms) = preSolution
		Debug|Any CPU = Debug|Any CPU
		Release|Any CPU = Release|Any CPU
	EndGlobalSection
	GlobalSection(ProjectConfigurationPlatforms) = postSolution
		{6FBAF7B1-5F52-4EE0-9D27-80005CC03BD7}.Debug|Any CPU.ActiveCfg = Debug|Any CPU
		{6FBAF7B1-5F52-4EE0-9D27-80005CC03BD7}.Debug|Any CPU.Build.0 = Debug|Any CPU
		{6FBAF7B1-5F52-4EE0-9D27-80005CC03BD7}.Release|Any CPU.ActiveCfg = Release|Any CPU
		{6FBAF7B1-5F52-4EE0-9D27-80005CC03BD7}.Release|Any CPU.Build.0 = Release|Any CPU
		{DE864935-C339-4EF5-989B-57B94C05C84F}.Debug|Any CPU.ActiveCfg = Debug|Any CPU
		{DE864935-C339-4EF5-989B-57B94C05C84F}.Debug|Any CPU.Build.0 = Debug|Any CPU
		{DE864935-C339-4EF5-989B-57B94C05C84F}.Release|Any CPU.ActiveCfg = Release|Any CPU
		{DE864935-C339-4EF5-989B-57B94C05C84F}.Release|Any CPU.Build.0 = Release|Any CPU
	EndGlobalSection
	GlobalSection(SolutionProperties) = preSolution
		HideSolutionNode = FALSE
	EndGlobalSection
EndGlobal
